// !$*UTF8*$!
{
	archiveVersion = 1;
	classes = {
	};
	objectVersion = 50;
	objects = {

/* Begin PBXBuildFile section */
		17B36CCC2225D665005BC008 /* AppDelegate.swift in Sources */ = {isa = PBXBuildFile; fileRef = 17B36CCB2225D665005BC008 /* AppDelegate.swift */; };
		17B36CCE2225D665005BC008 /* ListsViewController.swift in Sources */ = {isa = PBXBuildFile; fileRef = 17B36CCD2225D665005BC008 /* ListsViewController.swift */; };
		17B36CD12225D665005BC008 /* Main.storyboard in Resources */ = {isa = PBXBuildFile; fileRef = 17B36CCF2225D665005BC008 /* Main.storyboard */; };
		17B36CD32225D666005BC008 /* Assets.xcassets in Resources */ = {isa = PBXBuildFile; fileRef = 17B36CD22225D666005BC008 /* Assets.xcassets */; };
		17B36CD62225D666005BC008 /* LaunchScreen.storyboard in Resources */ = {isa = PBXBuildFile; fileRef = 17B36CD42225D666005BC008 /* LaunchScreen.storyboard */; };
		17B36CE02225D79E005BC008 /* CloudKit.framework in Frameworks */ = {isa = PBXBuildFile; fileRef = 17B36CDF2225D79E005BC008 /* CloudKit.framework */; };
		17B36CE2222704AB005BC008 /* AddListViewController.swift in Sources */ = {isa = PBXBuildFile; fileRef = 17B36CE1222704AB005BC008 /* AddListViewController.swift */; };
/* End PBXBuildFile section */

/* Begin PBXFileReference section */
		17B36CC82225D665005BC008 /* Weekly2.app */ = {isa = PBXFileReference; explicitFileType = wrapper.application; includeInIndex = 0; path = Weekly2.app; sourceTree = BUILT_PRODUCTS_DIR; };
		17B36CCB2225D665005BC008 /* AppDelegate.swift */ = {isa = PBXFileReference; lastKnownFileType = sourcecode.swift; path = AppDelegate.swift; sourceTree = "<group>"; };
		17B36CCD2225D665005BC008 /* ListsViewController.swift */ = {isa = PBXFileReference; lastKnownFileType = sourcecode.swift; path = ListsViewController.swift; sourceTree = "<group>"; };
		17B36CD02225D665005BC008 /* Base */ = {isa = PBXFileReference; lastKnownFileType = file.storyboard; name = Base; path = Base.lproj/Main.storyboard; sourceTree = "<group>"; };
		17B36CD22225D666005BC008 /* Assets.xcassets */ = {isa = PBXFileReference; lastKnownFileType = folder.assetcatalog; path = Assets.xcassets; sourceTree = "<group>"; };
		17B36CD52225D666005BC008 /* Base */ = {isa = PBXFileReference; lastKnownFileType = file.storyboard; name = Base; path = Base.lproj/LaunchScreen.storyboard; sourceTree = "<group>"; };
		17B36CD72225D666005BC008 /* Info.plist */ = {isa = PBXFileReference; lastKnownFileType = text.plist.xml; path = Info.plist; sourceTree = "<group>"; };
		17B36CDD2225D759005BC008 /* Weekly2.entitlements */ = {isa = PBXFileReference; lastKnownFileType = text.plist.entitlements; path = Weekly2.entitlements; sourceTree = "<group>"; };
		17B36CDF2225D79E005BC008 /* CloudKit.framework */ = {isa = PBXFileReference; lastKnownFileType = wrapper.framework; name = CloudKit.framework; path = System/Library/Frameworks/CloudKit.framework; sourceTree = SDKROOT; };
		17B36CE1222704AB005BC008 /* AddListViewController.swift */ = {isa = PBXFileReference; lastKnownFileType = sourcecode.swift; path = AddListViewController.swift; sourceTree = "<group>"; };
/* End PBXFileReference section */

/* Begin PBXFrameworksBuildPhase section */
		17B36CC52225D665005BC008 /* Frameworks */ = {
			isa = PBXFrameworksBuildPhase;
			buildActionMask = 2147483647;
			files = (
				17B36CE02225D79E005BC008 /* CloudKit.framework in Frameworks */,
			);
			runOnlyForDeploymentPostprocessing = 0;
		};
/* End PBXFrameworksBuildPhase section */

/* Begin PBXGroup section */
		17B36CBF2225D665005BC008 = {
			isa = PBXGroup;
			children = (
				17B36CCA2225D665005BC008 /* Weekly2 */,
				17B36CC92225D665005BC008 /* Products */,
				17B36CDE2225D79E005BC008 /* Frameworks */,
			);
			sourceTree = "<group>";
		};
		17B36CC92225D665005BC008 /* Products */ = {
			isa = PBXGroup;
			children = (
				17B36CC82225D665005BC008 /* Weekly2.app */,
			);
			name = Products;
			sourceTree = "<group>";
		};
		17B36CCA2225D665005BC008 /* Weekly2 */ = {
			isa = PBXGroup;
			children = (
				17B36CDD2225D759005BC008 /* Weekly2.entitlements */,
				17B36CCB2225D665005BC008 /* AppDelegate.swift */,
				17B36CCD2225D665005BC008 /* ListsViewController.swift */,
				17B36CE1222704AB005BC008 /* AddListViewController.swift */,
				17B36CCF2225D665005BC008 /* Main.storyboard */,
				17B36CD22225D666005BC008 /* Assets.xcassets */,
				17B36CD42225D666005BC008 /* LaunchScreen.storyboard */,
				17B36CD72225D666005BC008 /* Info.plist */,
			);
			path = Weekly2;
			sourceTree = "<group>";
		};
		17B36CDE2225D79E005BC008 /* Frameworks */ = {
			isa = PBXGroup;
			children = (
				17B36CDF2225D79E005BC008 /* CloudKit.framework */,
			);
			name = Frameworks;
			sourceTree = "<group>";
		};
/* End PBXGroup section */

/* Begin PBXNativeTarget section */
		17B36CC72225D665005BC008 /* Weekly2 */ = {
			isa = PBXNativeTarget;
			buildConfigurationList = 17B36CDA2225D666005BC008 /* Build configuration list for PBXNativeTarget "Weekly2" */;
			buildPhases = (
				17B36CC42225D665005BC008 /* Sources */,
				17B36CC52225D665005BC008 /* Frameworks */,
				17B36CC62225D665005BC008 /* Resources */,
			);
			buildRules = (
			);
			dependencies = (
			);
			name = Weekly2;
			productName = Weekly2;
			productReference = 17B36CC82225D665005BC008 /* Weekly2.app */;
			productType = "com.apple.product-type.application";
		};
/* End PBXNativeTarget section */

/* Begin PBXProject section */
		17B36CC02225D665005BC008 /* Project object */ = {
			isa = PBXProject;
			attributes = {
				LastSwiftUpdateCheck = 1010;
				LastUpgradeCheck = 1010;
				ORGANIZATIONNAME = "René Melo de Lucena";
				TargetAttributes = {
					17B36CC72225D665005BC008 = {
						CreatedOnToolsVersion = 10.1;
						SystemCapabilities = {
							com.apple.Push = {
								enabled = 1;
							};
							com.apple.iCloud = {
								enabled = 1;
							};
						};
					};
				};
			};
			buildConfigurationList = 17B36CC32225D665005BC008 /* Build configuration list for PBXProject "Weekly2" */;
			compatibilityVersion = "Xcode 9.3";
			developmentRegion = en;
			hasScannedForEncodings = 0;
			knownRegions = (
				en,
				Base,
			);
			mainGroup = 17B36CBF2225D665005BC008;
			productRefGroup = 17B36CC92225D665005BC008 /* Products */;
			projectDirPath = "";
			projectRoot = "";
			targets = (
				17B36CC72225D665005BC008 /* Weekly2 */,
			);
		};
/* End PBXProject section */

/* Begin PBXResourcesBuildPhase section */
		17B36CC62225D665005BC008 /* Resources */ = {
			isa = PBXResourcesBuildPhase;
			buildActionMask = 2147483647;
			files = (
				17B36CD62225D666005BC008 /* LaunchScreen.storyboard in Resources */,
				17B36CD32225D666005BC008 /* Assets.xcassets in Resources */,
				17B36CD12225D665005BC008 /* Main.storyboard in Resources */,
			);
			runOnlyForDeploymentPostprocessing = 0;
		};
/* End PBXResourcesBuildPhase section */

/* Begin PBXSourcesBuildPhase section */
		17B36CC42225D665005BC008 /* Sources */ = {
			isa = PBXSourcesBuildPhase;
			buildActionMask = 2147483647;
			files = (
				17B36CE2222704AB005BC008 /* AddListViewController.swift in Sources */,
				17B36CCE2225D665005BC008 /* ListsViewController.swift in Sources */,
				17B36CCC2225D665005BC008 /* AppDelegate.swift in Sources */,
			);
			runOnlyForDeploymentPostprocessing = 0;
		};
/* End PBXSourcesBuildPhase section */

/* Begin PBXVariantGroup section */
		17B36CCF2225D665005BC008 /* Main.storyboard */ = {
			isa = PBXVariantGroup;
			children = (
				17B36CD02225D665005BC008 /* Base */,
			);
			name = Main.storyboard;
			sourceTree = "<group>";
		};
		17B36CD42225D666005BC008 /* LaunchScreen.storyboard */ = {
			isa = PBXVariantGroup;
			children = (
				17B36CD52225D666005BC008 /* Base */,
			);
			name = LaunchScreen.storyboard;
			sourceTree = "<group>";
		};
/* End PBXVariantGroup section */

/* Begin XCBuildConfiguration section */
		17B36CD82225D666005BC008 /* Debug */ = {
			isa = XCBuildConfiguration;
			buildSettings = {
				ALWAYS_SEARCH_USER_PATHS = NO;
				CLANG_ANALYZER_NONNULL = YES;
				CLANG_ANALYZER_NUMBER_OBJECT_CONVERSION = YES_AGGRESSIVE;
				CLANG_CXX_LANGUAGE_STANDARD = "gnu++14";
				CLANG_CXX_LIBRARY = "libc++";
				CLANG_ENABLE_MODULES = YES;
				CLANG_ENABLE_OBJC_ARC = YES;
				CLANG_ENABLE_OBJC_WEAK = YES;
				CLANG_WARN_BLOCK_CAPTURE_AUTORELEASING = YES;
				CLANG_WARN_BOOL_CONVERSION = YES;
				CLANG_WARN_COMMA = YES;
				CLANG_WARN_CONSTANT_CONVERSION = YES;
				CLANG_WARN_DEPRECATED_OBJC_IMPLEMENTATIONS = YES;
				CLANG_WARN_DIRECT_OBJC_ISA_USAGE = YES_ERROR;
				CLANG_WARN_DOCUMENTATION_COMMENTS = YES;
				CLANG_WARN_EMPTY_BODY = YES;
				CLANG_WARN_ENUM_CONVERSION = YES;
				CLANG_WARN_INFINITE_RECURSION = YES;
				CLANG_WARN_INT_CONVERSION = YES;
				CLANG_WARN_NON_LITERAL_NULL_CONVERSION = YES;
				CLANG_WARN_OBJC_IMPLICIT_RETAIN_SELF = YES;
				CLANG_WARN_OBJC_LITERAL_CONVERSION = YES;
				CLANG_WARN_OBJC_ROOT_CLASS = YES_ERROR;
				CLANG_WARN_RANGE_LOOP_ANALYSIS = YES;
				CLANG_WARN_STRICT_PROTOTYPES = YES;
				CLANG_WARN_SUSPICIOUS_MOVE = YES;
				CLANG_WARN_UNGUARDED_AVAILABILITY = YES_AGGRESSIVE;
				CLANG_WARN_UNREACHABLE_CODE = YES;
				CLANG_WARN__DUPLICATE_METHOD_MATCH = YES;
				CODE_SIGN_IDENTITY = "iPhone Developer";
				COPY_PHASE_STRIP = NO;
				DEBUG_INFORMATION_FORMAT = dwarf;
				ENABLE_STRICT_OBJC_MSGSEND = YES;
				ENABLE_TESTABILITY = YES;
				GCC_C_LANGUAGE_STANDARD = gnu11;
				GCC_DYNAMIC_NO_PIC = NO;
				GCC_NO_COMMON_BLOCKS = YES;
				GCC_OPTIMIZATION_LEVEL = 0;
				GCC_PREPROCESSOR_DEFINITIONS = (
					"DEBUG=1",
					"$(inherited)",
				);
				GCC_WARN_64_TO_32_BIT_CONVERSION = YES;
				GCC_WARN_ABOUT_RETURN_TYPE = YES_ERROR;
				GCC_WARN_UNDECLARED_SELECTOR = YES;
				GCC_WARN_UNINITIALIZED_AUTOS = YES_AGGRESSIVE;
				GCC_WARN_UNUSED_FUNCTION = YES;
				GCC_WARN_UNUSED_VARIABLE = YES;
				IPHONEOS_DEPLOYMENT_TARGET = 12.1;
				MTL_ENABLE_DEBUG_INFO = INCLUDE_SOURCE;
				MTL_FAST_MATH = YES;
				ONLY_ACTIVE_ARCH = YES;
				SDKROOT = iphoneos;
				SWIFT_ACTIVE_COMPILATION_CONDITIONS = DEBUG;
				SWIFT_OPTIMIZATION_LEVEL = "-Onone";
			};
			name = Debug;
		};
		17B36CD92225D666005BC008 /* Release */ = {
			isa = XCBuildConfiguration;
			buildSettings = {
				ALWAYS_SEARCH_USER_PATHS = NO;
				CLANG_ANALYZER_NONNULL = YES;
				CLANG_ANALYZER_NUMBER_OBJECT_CONVERSION = YES_AGGRESSIVE;
				CLANG_CXX_LANGUAGE_STANDARD = "gnu++14";
				CLANG_CXX_LIBRARY = "libc++";
				CLANG_ENABLE_MODULES = YES;
				CLANG_ENABLE_OBJC_ARC = YES;
				CLANG_ENABLE_OBJC_WEAK = YES;
				CLANG_WARN_BLOCK_CAPTURE_AUTORELEASING = YES;
				CLANG_WARN_BOOL_CONVERSION = YES;
				CLANG_WARN_COMMA = YES;
				CLANG_WARN_CONSTANT_CONVERSION = YES;
				CLANG_WARN_DEPRECATED_OBJC_IMPLEMENTATIONS = YES;
				CLANG_WARN_DIRECT_OBJC_ISA_USAGE = YES_ERROR;
				CLANG_WARN_DOCUMENTATION_COMMENTS = YES;
				CLANG_WARN_EMPTY_BODY = YES;
				CLANG_WARN_ENUM_CONVERSION = YES;
				CLANG_WARN_INFINITE_RECURSION = YES;
				CLANG_WARN_INT_CONVERSION = YES;
				CLANG_WARN_NON_LITERAL_NULL_CONVERSION = YES;
				CLANG_WARN_OBJC_IMPLICIT_RETAIN_SELF = YES;
				CLANG_WARN_OBJC_LITERAL_CONVERSION = YES;
				CLANG_WARN_OBJC_ROOT_CLASS = YES_ERROR;
				CLANG_WARN_RANGE_LOOP_ANALYSIS = YES;
				CLANG_WARN_STRICT_PROTOTYPES = YES;
				CLANG_WARN_SUSPICIOUS_MOVE = YES;
				CLANG_WARN_UNGUARDED_AVAILABILITY = YES_AGGRESSIVE;
				CLANG_WARN_UNREACHABLE_CODE = YES;
				CLANG_WARN__DUPLICATE_METHOD_MATCH = YES;
				CODE_SIGN_IDENTITY = "iPhone Developer";
				COPY_PHASE_STRIP = NO;
				DEBUG_INFORMATION_FORMAT = "dwarf-with-dsym";
				ENABLE_NS_ASSERTIONS = NO;
				ENABLE_STRICT_OBJC_MSGSEND = YES;
				GCC_C_LANGUAGE_STANDARD = gnu11;
				GCC_NO_COMMON_BLOCKS = YES;
				GCC_WARN_64_TO_32_BIT_CONVERSION = YES;
				GCC_WARN_ABOUT_RETURN_TYPE = YES_ERROR;
				GCC_WARN_UNDECLARED_SELECTOR = YES;
				GCC_WARN_UNINITIALIZED_AUTOS = YES_AGGRESSIVE;
				GCC_WARN_UNUSED_FUNCTION = YES;
				GCC_WARN_UNUSED_VARIABLE = YES;
				IPHONEOS_DEPLOYMENT_TARGET = 12.1;
				MTL_ENABLE_DEBUG_INFO = NO;
				MTL_FAST_MATH = YES;
				SDKROOT = iphoneos;
				SWIFT_COMPILATION_MODE = wholemodule;
				SWIFT_OPTIMIZATION_LEVEL = "-O";
				VALIDATE_PRODUCT = YES;
			};
			name = Release;
		};
		17B36CDB2225D666005BC008 /* Debug */ = {
			isa = XCBuildConfiguration;
			buildSettings = {
				ASSETCATALOG_COMPILER_APPICON_NAME = AppIcon;
				CODE_SIGN_ENTITLEMENTS = Weekly2/Weekly2.entitlements;
				CODE_SIGN_STYLE = Automatic;
				DEVELOPMENT_TEAM = HN6R5789QW;
				INFOPLIST_FILE = Weekly2/Info.plist;
				LD_RUNPATH_SEARCH_PATHS = (
					"$(inherited)",
					"@executable_path/Frameworks",
				);
				PRODUCT_BUNDLE_IDENTIFIER = rene.Weekly2;
				PRODUCT_NAME = "$(TARGET_NAME)";
				SWIFT_VERSION = 4.2;
				TARGETED_DEVICE_FAMILY = "1,2";
			};
			name = Debug;
		};
		17B36CDC2225D666005BC008 /* Release */ = {
			isa = XCBuildConfiguration;
			buildSettings = {
				ASSETCATALOG_COMPILER_APPICON_NAME = AppIcon;
				CODE_SIGN_ENTITLEMENTS = Weekly2/Weekly2.entitlements;
				CODE_SIGN_STYLE = Automatic;
				DEVELOPMENT_TEAM = HN6R5789QW;
				INFOPLIST_FILE = Weekly2/Info.plist;
				LD_RUNPATH_SEARCH_PATHS = (
					"$(inherited)",
					"@executable_path/Frameworks",
				);
				PRODUCT_BUNDLE_IDENTIFIER = rene.Weekly2;
				PRODUCT_NAME = "$(TARGET_NAME)";
				SWIFT_VERSION = 4.2;
				TARGETED_DEVICE_FAMILY = "1,2";
			};
			name = Release;
		};
/* End XCBuildConfiguration section */

/* Begin XCConfigurationList section */
		17B36CC32225D665005BC008 /* Build configuration list for PBXProject "Weekly2" */ = {
			isa = XCConfigurationList;
			buildConfigurations = (
				17B36CD82225D666005BC008 /* Debug */,
				17B36CD92225D666005BC008 /* Release */,
			);
			defaultConfigurationIsVisible = 0;
			defaultConfigurationName = Release;
		};
		17B36CDA2225D666005BC008 /* Build configuration list for PBXNativeTarget "Weekly2" */ = {
			isa = XCConfigurationList;
			buildConfigurations = (
				17B36CDB2225D666005BC008 /* Debug */,
				17B36CDC2225D666005BC008 /* Release */,
			);
			defaultConfigurationIsVisible = 0;
			defaultConfigurationName = Release;
		};
/* End XCConfigurationList section */
	};
	rootObject = 17B36CC02225D665005BC008 /* Project object */;
}
